
Microsoft Visual Studio Solution File, Format Version 12.00
# Visual Studio Version 16
VisualStudioVersion = 16.0.29806.167
MinimumVisualStudioVersion = 10.0.40219.1
Project("{FAE04EC0-301F-11D3-BF4B-00C04F79EFBC}") = "work4", "work4\work4.csproj", "{3D840E18-ED5D-4119-A5E3-76C55D000CFA}"
EndProject
Global
	GlobalSection(SolutionConfigurationPlatforms) = preSolution
		Debug|Any CPU = Debug|Any CPU
		Release|Any CPU = Release|Any CPU
	EndGlobalSection
	GlobalSection(ProjectConfigurationPlatforms) = postSolution
		{3D840E18-ED5D-4119-A5E3-76C55D000CFA}.Debug|Any CPU.ActiveCfg = Debug|Any CPU
		{3D840E18-ED5D-4119-A5E3-76C55D000CFA}.Debug|Any CPU.Build.0 = Debug|Any CPU
		{3D840E18-ED5D-4119-A5E3-76C55D000CFA}.Release|Any CPU.ActiveCfg = Release|Any CPU
		{3D840E18-ED5D-4119-A5E3-76C55D000CFA}.Release|Any CPU.Build.0 = Release|Any CPU
	EndGlobalSection
	GlobalSection(SolutionProperties) = preSolution
		HideSolutionNode = FALSE
	EndGlobalSection
	GlobalSection(ExtensibilityGlobals) = postSolution
		SolutionGuid = {F799506C-6FA4-4A57-B87F-EAB7CEE8E329}
	EndGlobalSection
EndGlobal
