
Microsoft Visual Studio Solution File, Format Version 12.00
# Visual Studio Version 16
VisualStudioVersion = 16.0.30011.22
MinimumVisualStudioVersion = 10.0.40219.1
Project("{FAE04EC0-301F-11D3-BF4B-00C04F79EFBC}") = "OrderApp", "OrderService\OrderApp.csproj", "{CA98A8E0-9173-4C2A-8629-C3A8512286C5}"
EndProject
Project("{FAE04EC0-301F-11D3-BF4B-00C04F79EFBC}") = "Form", "OrderForm\Form.csproj", "{0F568EFC-1A46-4DE9-ACB6-C5E4B85D230D}"
EndProject
Global
	GlobalSection(SolutionConfigurationPlatforms) = preSolution
		Debug|Any CPU = Debug|Any CPU
		Release|Any CPU = Release|Any CPU
	EndGlobalSection
	GlobalSection(ProjectConfigurationPlatforms) = postSolution
		{CA98A8E0-9173-4C2A-8629-C3A8512286C5}.Debug|Any CPU.ActiveCfg = Debug|Any CPU
		{CA98A8E0-9173-4C2A-8629-C3A8512286C5}.Debug|Any CPU.Build.0 = Debug|Any CPU
		{CA98A8E0-9173-4C2A-8629-C3A8512286C5}.Release|Any CPU.ActiveCfg = Release|Any CPU
		{CA98A8E0-9173-4C2A-8629-C3A8512286C5}.Release|Any CPU.Build.0 = Release|Any CPU
		{0F568EFC-1A46-4DE9-ACB6-C5E4B85D230D}.Debug|Any CPU.ActiveCfg = Debug|Any CPU
		{0F568EFC-1A46-4DE9-ACB6-C5E4B85D230D}.Debug|Any CPU.Build.0 = Debug|Any CPU
		{0F568EFC-1A46-4DE9-ACB6-C5E4B85D230D}.Release|Any CPU.ActiveCfg = Release|Any CPU
		{0F568EFC-1A46-4DE9-ACB6-C5E4B85D230D}.Release|Any CPU.Build.0 = Release|Any CPU
	EndGlobalSection
	GlobalSection(SolutionProperties) = preSolution
		HideSolutionNode = FALSE
	EndGlobalSection
	GlobalSection(ExtensibilityGlobals) = postSolution
		SolutionGuid = {25C5E310-95E8-4ED5-85EF-6B6E179D2491}
	EndGlobalSection
EndGlobal
